<?xml version="1.0" encoding="utf-8"?>
<Project ToolsVersion="17.0" xmlns="http://schemas.microsoft.com/developer/msbuild/2003">
  <ItemGroup>
    <ClCompile Include="E:\Documentos\UniytProjects\PixowlChallengeCPlusPlus\PixowlGameTest\Classes\AppDelegate.cpp">
      <Filter>Source Files\Classes</Filter>
    </ClCompile>
    <ClCompile Include="E:\Documentos\UniytProjects\PixowlChallengeCPlusPlus\PixowlGameTest\Classes\HelloWorldScene.cpp">
      <Filter>Source Files\Classes</Filter>
    </ClCompile>
    <ClCompile Include="E:\Documentos\UniytProjects\PixowlChallengeCPlusPlus\PixowlGameTest\proj.win32\main.cpp">
      <Filter>Source Files\proj.win32</Filter>
    </ClCompile>
    <ClCompile Include="E:\Documentos\UniytProjects\PixowlChallengeCPlusPlus\PixowlGameTest\cocos2d\cocos\precheader.cpp">
      <Filter>Source Files</Filter>
    </ClCompile>
  </ItemGroup>
  <ItemGroup>
    <ClInclude Include="E:\Documentos\UniytProjects\PixowlChallengeCPlusPlus\PixowlGameTest\Classes\AppDelegate.h">
      <Filter>Source Files\Classes</Filter>
    </ClInclude>
    <ClInclude Include="E:\Documentos\UniytProjects\PixowlChallengeCPlusPlus\PixowlGameTest\Classes\HelloWorldScene.h">
      <Filter>Source Files\Classes</Filter>
    </ClInclude>
    <ClInclude Include="E:\Documentos\UniytProjects\PixowlChallengeCPlusPlus\PixowlGameTest\proj.win32\main.h">
      <Filter>Source Files\proj.win32</Filter>
    </ClInclude>
    <ClInclude Include="E:\Documentos\UniytProjects\PixowlChallengeCPlusPlus\PixowlGameTest\proj.win32\resource.h">
      <Filter>Source Files\proj.win32</Filter>
    </ClInclude>
    <ClInclude Include="E:\Documentos\UniytProjects\PixowlChallengeCPlusPlus\PixowlGameTest\Resources\CloseNormal.png">
      <Filter>Resources</Filter>
    </ClInclude>
    <ClInclude Include="E:\Documentos\UniytProjects\PixowlChallengeCPlusPlus\PixowlGameTest\Resources\CloseSelected.png">
      <Filter>Resources</Filter>
    </ClInclude>
    <ClInclude Include="E:\Documentos\UniytProjects\PixowlChallengeCPlusPlus\PixowlGameTest\Resources\HelloWorld.png">
      <Filter>Resources</Filter>
    </ClInclude>
    <ClInclude Include="E:\Documentos\UniytProjects\PixowlChallengeCPlusPlus\PixowlGameTest\Resources\fonts\Marker Felt.ttf">
      <Filter>Resources\fonts</Filter>
    </ClInclude>
    <ClInclude Include="E:\Documentos\UniytProjects\PixowlChallengeCPlusPlus\PixowlGameTest\Resources\fonts\arial.ttf">
      <Filter>Resources\fonts</Filter>
    </ClInclude>
    <ClInclude Include="E:\Documentos\UniytProjects\PixowlChallengeCPlusPlus\PixowlGameTest\Resources\res\.gitkeep">
      <Filter>Resources\res</Filter>
    </ClInclude>
  </ItemGroup>
  <ItemGroup>
    <CustomBuild Include="E:\Documentos\UniytProjects\PixowlChallengeCPlusPlus\PixowlGameTest\CMakeLists.txt" />
  </ItemGroup>
  <ItemGroup>
    <ResourceCompile Include="E:\Documentos\UniytProjects\PixowlChallengeCPlusPlus\PixowlGameTest\proj.win32\game.rc">
      <Filter>Source Files\proj.win32</Filter>
    </ResourceCompile>
  </ItemGroup>
  <ItemGroup>
    <Filter Include="Resources">
      <UniqueIdentifier>{E3343A15-05D7-3962-A70A-2A15C92A5530}</UniqueIdentifier>
    </Filter>
    <Filter Include="Resources\fonts">
      <UniqueIdentifier>{3D15DB6C-B19F-342B-A1CF-AFF57F2CEDC8}</UniqueIdentifier>
    </Filter>
    <Filter Include="Resources\res">
      <UniqueIdentifier>{A29FD2BB-CBF0-301A-A4B6-7FC3B81B2762}</UniqueIdentifier>
    </Filter>
    <Filter Include="Source Files">
      <UniqueIdentifier>{4D3F220C-CA08-3359-BA04-F4109409BCB7}</UniqueIdentifier>
    </Filter>
    <Filter Include="Source Files\Classes">
      <UniqueIdentifier>{5C4026A9-01A6-3BD8-B7B8-5869C3B83168}</UniqueIdentifier>
    </Filter>
    <Filter Include="Source Files\proj.win32">
      <UniqueIdentifier>{5ED1A5E2-2EE3-350E-B6CE-4FEE8E77AB54}</UniqueIdentifier>
    </Filter>
  </ItemGroup>
</Project>