<?xml version="1.0" encoding="utf-8"?>
<Project ToolsVersion="17.0" xmlns="http://schemas.microsoft.com/developer/msbuild/2003">
  <ItemGroup>
    <CustomBuild Include="E:\Documentos\UniytProjects\PixowlChallengeCPlusPlus\PixowlGameTest\CMakeFiles\85f3b605fc3415d8c9a690803a797b15\generate.stamp.rule">
      <Filter>CMake Rules</Filter>
    </CustomBuild>
  </ItemGroup>
  <ItemGroup>
    <Filter Include="CMake Rules">
      <UniqueIdentifier>{4B346DAE-376A-30E8-AA9D-D804CEBA2149}</UniqueIdentifier>
    </Filter>
  </ItemGroup>
</Project>
