
Microsoft Visual Studio Solution File, Format Version 12.00
# Visual Studio Version 17
Project("{2150E333-8FDC-42A3-9474-1A3956D46DE8}") = "CMakePredefinedTargets", "CMakePredefinedTargets", "{AA3CA408-0934-3370-A115-95332EA05711}"
EndProject
Project("{2150E333-8FDC-42A3-9474-1A3956D46DE8}") = "External", "External", "{E63C9129-F0C9-3ED4-BA3C-7E4EF2004544}"
EndProject
Project("{2150E333-8FDC-42A3-9474-1A3956D46DE8}") = "Internal", "Internal", "{6AEEBA2E-B4D2-3DF3-B21F-DFC7034B7E87}"
EndProject
Project("{8BC9CEB8-8B4A-11D0-8D11-00A0C91BC942}") = "ALL_BUILD", "ALL_BUILD.vcxproj", "{8229DFA9-9DBA-3069-93AF-B26310B1E94E}"
	ProjectSection(ProjectDependencies) = postProject
		{4BA33BAA-5429-3686-8E68-BC011611C9DE} = {4BA33BAA-5429-3686-8E68-BC011611C9DE}
		{FBB787D2-4AAB-341F-93BD-F0778E825BB5} = {FBB787D2-4AAB-341F-93BD-F0778E825BB5}
		{6D6ADC7F-0CE2-312F-A120-DB5D4CC71981} = {6D6ADC7F-0CE2-312F-A120-DB5D4CC71981}
		{28AB66A6-E32C-3020-9669-2E137D9929D2} = {28AB66A6-E32C-3020-9669-2E137D9929D2}
		{FA4BFF18-4026-317B-BD2C-FFD1B67C2C4A} = {FA4BFF18-4026-317B-BD2C-FFD1B67C2C4A}
		{3477726A-C79B-3CF5-9597-107F4FCB4FD2} = {3477726A-C79B-3CF5-9597-107F4FCB4FD2}
		{D57C0AA2-8450-35DB-B4EF-B2A177918469} = {D57C0AA2-8450-35DB-B4EF-B2A177918469}
		{B901E9C9-627A-3178-93C4-97479DE46179} = {B901E9C9-627A-3178-93C4-97479DE46179}
		{1FA97D84-F418-32B4-BEDF-2C37784B7AA5} = {1FA97D84-F418-32B4-BEDF-2C37784B7AA5}
		{C440B4F5-8507-350F-99AC-D4B590755804} = {C440B4F5-8507-350F-99AC-D4B590755804}
		{9E68D8ED-20F3-340E-897A-3AB87E0B09B9} = {9E68D8ED-20F3-340E-897A-3AB87E0B09B9}
		{B19A3D9D-1B11-3B8A-A34C-0E3DB3D793CF} = {B19A3D9D-1B11-3B8A-A34C-0E3DB3D793CF}
		{66A3B82D-3771-3897-8309-D5F86E2361F8} = {66A3B82D-3771-3897-8309-D5F86E2361F8}
	EndProjectSection
EndProject
Project("{8BC9CEB8-8B4A-11D0-8D11-00A0C91BC942}") = "ZERO_CHECK", "..\..\..\\ZERO_CHECK.vcxproj", "{4BA33BAA-5429-3686-8E68-BC011611C9DE}"
	ProjectSection(ProjectDependencies) = postProject
	EndProjectSection
EndProject
Project("{8BC9CEB8-8B4A-11D0-8D11-00A0C91BC942}") = "cocos2d", "cocos2d.vcxproj", "{FBB787D2-4AAB-341F-93BD-F0778E825BB5}"
	ProjectSection(ProjectDependencies) = postProject
		{4BA33BAA-5429-3686-8E68-BC011611C9DE} = {4BA33BAA-5429-3686-8E68-BC011611C9DE}
		{6D6ADC7F-0CE2-312F-A120-DB5D4CC71981} = {6D6ADC7F-0CE2-312F-A120-DB5D4CC71981}
		{28AB66A6-E32C-3020-9669-2E137D9929D2} = {28AB66A6-E32C-3020-9669-2E137D9929D2}
		{FA4BFF18-4026-317B-BD2C-FFD1B67C2C4A} = {FA4BFF18-4026-317B-BD2C-FFD1B67C2C4A}
		{3477726A-C79B-3CF5-9597-107F4FCB4FD2} = {3477726A-C79B-3CF5-9597-107F4FCB4FD2}
		{D57C0AA2-8450-35DB-B4EF-B2A177918469} = {D57C0AA2-8450-35DB-B4EF-B2A177918469}
		{B901E9C9-627A-3178-93C4-97479DE46179} = {B901E9C9-627A-3178-93C4-97479DE46179}
		{1FA97D84-F418-32B4-BEDF-2C37784B7AA5} = {1FA97D84-F418-32B4-BEDF-2C37784B7AA5}
		{C440B4F5-8507-350F-99AC-D4B590755804} = {C440B4F5-8507-350F-99AC-D4B590755804}
		{9E68D8ED-20F3-340E-897A-3AB87E0B09B9} = {9E68D8ED-20F3-340E-897A-3AB87E0B09B9}
		{B19A3D9D-1B11-3B8A-A34C-0E3DB3D793CF} = {B19A3D9D-1B11-3B8A-A34C-0E3DB3D793CF}
		{66A3B82D-3771-3897-8309-D5F86E2361F8} = {66A3B82D-3771-3897-8309-D5F86E2361F8}
	EndProjectSection
EndProject
Project("{8BC9CEB8-8B4A-11D0-8D11-00A0C91BC942}") = "ext_clipper", "..\..\external\clipper\ext_clipper.vcxproj", "{6D6ADC7F-0CE2-312F-A120-DB5D4CC71981}"
	ProjectSection(ProjectDependencies) = postProject
		{4BA33BAA-5429-3686-8E68-BC011611C9DE} = {4BA33BAA-5429-3686-8E68-BC011611C9DE}
	EndProjectSection
EndProject
Project("{8BC9CEB8-8B4A-11D0-8D11-00A0C91BC942}") = "ext_convertUTF", "..\..\external\ConvertUTF\ext_convertUTF.vcxproj", "{28AB66A6-E32C-3020-9669-2E137D9929D2}"
	ProjectSection(ProjectDependencies) = postProject
		{4BA33BAA-5429-3686-8E68-BC011611C9DE} = {4BA33BAA-5429-3686-8E68-BC011611C9DE}
	EndProjectSection
EndProject
Project("{8BC9CEB8-8B4A-11D0-8D11-00A0C91BC942}") = "ext_edtaa3func", "..\..\external\edtaa3func\ext_edtaa3func.vcxproj", "{FA4BFF18-4026-317B-BD2C-FFD1B67C2C4A}"
	ProjectSection(ProjectDependencies) = postProject
		{4BA33BAA-5429-3686-8E68-BC011611C9DE} = {4BA33BAA-5429-3686-8E68-BC011611C9DE}
	EndProjectSection
EndProject
Project("{8BC9CEB8-8B4A-11D0-8D11-00A0C91BC942}") = "ext_md5", "..\..\external\md5\ext_md5.vcxproj", "{3477726A-C79B-3CF5-9597-107F4FCB4FD2}"
	ProjectSection(ProjectDependencies) = postProject
		{4BA33BAA-5429-3686-8E68-BC011611C9DE} = {4BA33BAA-5429-3686-8E68-BC011611C9DE}
	EndProjectSection
EndProject
Project("{8BC9CEB8-8B4A-11D0-8D11-00A0C91BC942}") = "ext_poly2tri", "..\..\external\poly2tri\ext_poly2tri.vcxproj", "{D57C0AA2-8450-35DB-B4EF-B2A177918469}"
	ProjectSection(ProjectDependencies) = postProject
		{4BA33BAA-5429-3686-8E68-BC011611C9DE} = {4BA33BAA-5429-3686-8E68-BC011611C9DE}
	EndProjectSection
EndProject
Project("{8BC9CEB8-8B4A-11D0-8D11-00A0C91BC942}") = "ext_recast", "..\..\external\recast\ext_recast.vcxproj", "{B901E9C9-627A-3178-93C4-97479DE46179}"
	ProjectSection(ProjectDependencies) = postProject
		{4BA33BAA-5429-3686-8E68-BC011611C9DE} = {4BA33BAA-5429-3686-8E68-BC011611C9DE}
	EndProjectSection
EndProject
Project("{8BC9CEB8-8B4A-11D0-8D11-00A0C91BC942}") = "ext_tinyxml2", "..\..\external\tinyxml2\ext_tinyxml2.vcxproj", "{1FA97D84-F418-32B4-BEDF-2C37784B7AA5}"
	ProjectSection(ProjectDependencies) = postProject
		{4BA33BAA-5429-3686-8E68-BC011611C9DE} = {4BA33BAA-5429-3686-8E68-BC011611C9DE}
	EndProjectSection
EndProject
Project("{8BC9CEB8-8B4A-11D0-8D11-00A0C91BC942}") = "ext_unzip", "..\..\external\unzip\ext_unzip.vcxproj", "{C440B4F5-8507-350F-99AC-D4B590755804}"
	ProjectSection(ProjectDependencies) = postProject
		{4BA33BAA-5429-3686-8E68-BC011611C9DE} = {4BA33BAA-5429-3686-8E68-BC011611C9DE}
	EndProjectSection
EndProject
Project("{8BC9CEB8-8B4A-11D0-8D11-00A0C91BC942}") = "ext_xxhash", "..\..\external\xxhash\ext_xxhash.vcxproj", "{9E68D8ED-20F3-340E-897A-3AB87E0B09B9}"
	ProjectSection(ProjectDependencies) = postProject
		{4BA33BAA-5429-3686-8E68-BC011611C9DE} = {4BA33BAA-5429-3686-8E68-BC011611C9DE}
	EndProjectSection
EndProject
Project("{8BC9CEB8-8B4A-11D0-8D11-00A0C91BC942}") = "ext_xxtea", "..\..\external\xxtea\ext_xxtea.vcxproj", "{B19A3D9D-1B11-3B8A-A34C-0E3DB3D793CF}"
	ProjectSection(ProjectDependencies) = postProject
		{4BA33BAA-5429-3686-8E68-BC011611C9DE} = {4BA33BAA-5429-3686-8E68-BC011611C9DE}
	EndProjectSection
EndProject
Project("{8BC9CEB8-8B4A-11D0-8D11-00A0C91BC942}") = "external", "..\..\external\external.vcxproj", "{66A3B82D-3771-3897-8309-D5F86E2361F8}"
	ProjectSection(ProjectDependencies) = postProject
		{4BA33BAA-5429-3686-8E68-BC011611C9DE} = {4BA33BAA-5429-3686-8E68-BC011611C9DE}
		{6D6ADC7F-0CE2-312F-A120-DB5D4CC71981} = {6D6ADC7F-0CE2-312F-A120-DB5D4CC71981}
		{28AB66A6-E32C-3020-9669-2E137D9929D2} = {28AB66A6-E32C-3020-9669-2E137D9929D2}
		{FA4BFF18-4026-317B-BD2C-FFD1B67C2C4A} = {FA4BFF18-4026-317B-BD2C-FFD1B67C2C4A}
		{3477726A-C79B-3CF5-9597-107F4FCB4FD2} = {3477726A-C79B-3CF5-9597-107F4FCB4FD2}
		{D57C0AA2-8450-35DB-B4EF-B2A177918469} = {D57C0AA2-8450-35DB-B4EF-B2A177918469}
		{B901E9C9-627A-3178-93C4-97479DE46179} = {B901E9C9-627A-3178-93C4-97479DE46179}
		{1FA97D84-F418-32B4-BEDF-2C37784B7AA5} = {1FA97D84-F418-32B4-BEDF-2C37784B7AA5}
		{C440B4F5-8507-350F-99AC-D4B590755804} = {C440B4F5-8507-350F-99AC-D4B590755804}
		{9E68D8ED-20F3-340E-897A-3AB87E0B09B9} = {9E68D8ED-20F3-340E-897A-3AB87E0B09B9}
		{B19A3D9D-1B11-3B8A-A34C-0E3DB3D793CF} = {B19A3D9D-1B11-3B8A-A34C-0E3DB3D793CF}
	EndProjectSection
EndProject
Global
	GlobalSection(SolutionConfigurationPlatforms) = preSolution
		Debug|Win32 = Debug|Win32
		Release|Win32 = Release|Win32
		MinSizeRel|Win32 = MinSizeRel|Win32
		RelWithDebInfo|Win32 = RelWithDebInfo|Win32
	EndGlobalSection
	GlobalSection(ProjectConfigurationPlatforms) = postSolution
		{8229DFA9-9DBA-3069-93AF-B26310B1E94E}.Debug|Win32.ActiveCfg = Debug|Win32
		{8229DFA9-9DBA-3069-93AF-B26310B1E94E}.Release|Win32.ActiveCfg = Release|Win32
		{8229DFA9-9DBA-3069-93AF-B26310B1E94E}.MinSizeRel|Win32.ActiveCfg = MinSizeRel|Win32
		{8229DFA9-9DBA-3069-93AF-B26310B1E94E}.RelWithDebInfo|Win32.ActiveCfg = RelWithDebInfo|Win32
		{4BA33BAA-5429-3686-8E68-BC011611C9DE}.Debug|Win32.ActiveCfg = Debug|Win32
		{4BA33BAA-5429-3686-8E68-BC011611C9DE}.Debug|Win32.Build.0 = Debug|Win32
		{4BA33BAA-5429-3686-8E68-BC011611C9DE}.Release|Win32.ActiveCfg = Release|Win32
		{4BA33BAA-5429-3686-8E68-BC011611C9DE}.Release|Win32.Build.0 = Release|Win32
		{4BA33BAA-5429-3686-8E68-BC011611C9DE}.MinSizeRel|Win32.ActiveCfg = MinSizeRel|Win32
		{4BA33BAA-5429-3686-8E68-BC011611C9DE}.MinSizeRel|Win32.Build.0 = MinSizeRel|Win32
		{4BA33BAA-5429-3686-8E68-BC011611C9DE}.RelWithDebInfo|Win32.ActiveCfg = RelWithDebInfo|Win32
		{4BA33BAA-5429-3686-8E68-BC011611C9DE}.RelWithDebInfo|Win32.Build.0 = RelWithDebInfo|Win32
		{FBB787D2-4AAB-341F-93BD-F0778E825BB5}.Debug|Win32.ActiveCfg = Debug|Win32
		{FBB787D2-4AAB-341F-93BD-F0778E825BB5}.Debug|Win32.Build.0 = Debug|Win32
		{FBB787D2-4AAB-341F-93BD-F0778E825BB5}.Release|Win32.ActiveCfg = Release|Win32
		{FBB787D2-4AAB-341F-93BD-F0778E825BB5}.Release|Win32.Build.0 = Release|Win32
		{FBB787D2-4AAB-341F-93BD-F0778E825BB5}.MinSizeRel|Win32.ActiveCfg = MinSizeRel|Win32
		{FBB787D2-4AAB-341F-93BD-F0778E825BB5}.MinSizeRel|Win32.Build.0 = MinSizeRel|Win32
		{FBB787D2-4AAB-341F-93BD-F0778E825BB5}.RelWithDebInfo|Win32.ActiveCfg = RelWithDebInfo|Win32
		{FBB787D2-4AAB-341F-93BD-F0778E825BB5}.RelWithDebInfo|Win32.Build.0 = RelWithDebInfo|Win32
		{6D6ADC7F-0CE2-312F-A120-DB5D4CC71981}.Debug|Win32.ActiveCfg = Debug|Win32
		{6D6ADC7F-0CE2-312F-A120-DB5D4CC71981}.Debug|Win32.Build.0 = Debug|Win32
		{6D6ADC7F-0CE2-312F-A120-DB5D4CC71981}.Release|Win32.ActiveCfg = Release|Win32
		{6D6ADC7F-0CE2-312F-A120-DB5D4CC71981}.Release|Win32.Build.0 = Release|Win32
		{6D6ADC7F-0CE2-312F-A120-DB5D4CC71981}.MinSizeRel|Win32.ActiveCfg = MinSizeRel|Win32
		{6D6ADC7F-0CE2-312F-A120-DB5D4CC71981}.MinSizeRel|Win32.Build.0 = MinSizeRel|Win32
		{6D6ADC7F-0CE2-312F-A120-DB5D4CC71981}.RelWithDebInfo|Win32.ActiveCfg = RelWithDebInfo|Win32
		{6D6ADC7F-0CE2-312F-A120-DB5D4CC71981}.RelWithDebInfo|Win32.Build.0 = RelWithDebInfo|Win32
		{28AB66A6-E32C-3020-9669-2E137D9929D2}.Debug|Win32.ActiveCfg = Debug|Win32
		{28AB66A6-E32C-3020-9669-2E137D9929D2}.Debug|Win32.Build.0 = Debug|Win32
		{28AB66A6-E32C-3020-9669-2E137D9929D2}.Release|Win32.ActiveCfg = Release|Win32
		{28AB66A6-E32C-3020-9669-2E137D9929D2}.Release|Win32.Build.0 = Release|Win32
		{28AB66A6-E32C-3020-9669-2E137D9929D2}.MinSizeRel|Win32.ActiveCfg = MinSizeRel|Win32
		{28AB66A6-E32C-3020-9669-2E137D9929D2}.MinSizeRel|Win32.Build.0 = MinSizeRel|Win32
		{28AB66A6-E32C-3020-9669-2E137D9929D2}.RelWithDebInfo|Win32.ActiveCfg = RelWithDebInfo|Win32
		{28AB66A6-E32C-3020-9669-2E137D9929D2}.RelWithDebInfo|Win32.Build.0 = RelWithDebInfo|Win32
		{FA4BFF18-4026-317B-BD2C-FFD1B67C2C4A}.Debug|Win32.ActiveCfg = Debug|Win32
		{FA4BFF18-4026-317B-BD2C-FFD1B67C2C4A}.Debug|Win32.Build.0 = Debug|Win32
		{FA4BFF18-4026-317B-BD2C-FFD1B67C2C4A}.Release|Win32.ActiveCfg = Release|Win32
		{FA4BFF18-4026-317B-BD2C-FFD1B67C2C4A}.Release|Win32.Build.0 = Release|Win32
		{FA4BFF18-4026-317B-BD2C-FFD1B67C2C4A}.MinSizeRel|Win32.ActiveCfg = MinSizeRel|Win32
		{FA4BFF18-4026-317B-BD2C-FFD1B67C2C4A}.MinSizeRel|Win32.Build.0 = MinSizeRel|Win32
		{FA4BFF18-4026-317B-BD2C-FFD1B67C2C4A}.RelWithDebInfo|Win32.ActiveCfg = RelWithDebInfo|Win32
		{FA4BFF18-4026-317B-BD2C-FFD1B67C2C4A}.RelWithDebInfo|Win32.Build.0 = RelWithDebInfo|Win32
		{3477726A-C79B-3CF5-9597-107F4FCB4FD2}.Debug|Win32.ActiveCfg = Debug|Win32
		{3477726A-C79B-3CF5-9597-107F4FCB4FD2}.Debug|Win32.Build.0 = Debug|Win32
		{3477726A-C79B-3CF5-9597-107F4FCB4FD2}.Release|Win32.ActiveCfg = Release|Win32
		{3477726A-C79B-3CF5-9597-107F4FCB4FD2}.Release|Win32.Build.0 = Release|Win32
		{3477726A-C79B-3CF5-9597-107F4FCB4FD2}.MinSizeRel|Win32.ActiveCfg = MinSizeRel|Win32
		{3477726A-C79B-3CF5-9597-107F4FCB4FD2}.MinSizeRel|Win32.Build.0 = MinSizeRel|Win32
		{3477726A-C79B-3CF5-9597-107F4FCB4FD2}.RelWithDebInfo|Win32.ActiveCfg = RelWithDebInfo|Win32
		{3477726A-C79B-3CF5-9597-107F4FCB4FD2}.RelWithDebInfo|Win32.Build.0 = RelWithDebInfo|Win32
		{D57C0AA2-8450-35DB-B4EF-B2A177918469}.Debug|Win32.ActiveCfg = Debug|Win32
		{D57C0AA2-8450-35DB-B4EF-B2A177918469}.Debug|Win32.Build.0 = Debug|Win32
		{D57C0AA2-8450-35DB-B4EF-B2A177918469}.Release|Win32.ActiveCfg = Release|Win32
		{D57C0AA2-8450-35DB-B4EF-B2A177918469}.Release|Win32.Build.0 = Release|Win32
		{D57C0AA2-8450-35DB-B4EF-B2A177918469}.MinSizeRel|Win32.ActiveCfg = MinSizeRel|Win32
		{D57C0AA2-8450-35DB-B4EF-B2A177918469}.MinSizeRel|Win32.Build.0 = MinSizeRel|Win32
		{D57C0AA2-8450-35DB-B4EF-B2A177918469}.RelWithDebInfo|Win32.ActiveCfg = RelWithDebInfo|Win32
		{D57C0AA2-8450-35DB-B4EF-B2A177918469}.RelWithDebInfo|Win32.Build.0 = RelWithDebInfo|Win32
		{B901E9C9-627A-3178-93C4-97479DE46179}.Debug|Win32.ActiveCfg = Debug|Win32
		{B901E9C9-627A-3178-93C4-97479DE46179}.Debug|Win32.Build.0 = Debug|Win32
		{B901E9C9-627A-3178-93C4-97479DE46179}.Release|Win32.ActiveCfg = Release|Win32
		{B901E9C9-627A-3178-93C4-97479DE46179}.Release|Win32.Build.0 = Release|Win32
		{B901E9C9-627A-3178-93C4-97479DE46179}.MinSizeRel|Win32.ActiveCfg = MinSizeRel|Win32
		{B901E9C9-627A-3178-93C4-97479DE46179}.MinSizeRel|Win32.Build.0 = MinSizeRel|Win32
		{B901E9C9-627A-3178-93C4-97479DE46179}.RelWithDebInfo|Win32.ActiveCfg = RelWithDebInfo|Win32
		{B901E9C9-627A-3178-93C4-97479DE46179}.RelWithDebInfo|Win32.Build.0 = RelWithDebInfo|Win32
		{1FA97D84-F418-32B4-BEDF-2C37784B7AA5}.Debug|Win32.ActiveCfg = Debug|Win32
		{1FA97D84-F418-32B4-BEDF-2C37784B7AA5}.Debug|Win32.Build.0 = Debug|Win32
		{1FA97D84-F418-32B4-BEDF-2C37784B7AA5}.Release|Win32.ActiveCfg = Release|Win32
		{1FA97D84-F418-32B4-BEDF-2C37784B7AA5}.Release|Win32.Build.0 = Release|Win32
		{1FA97D84-F418-32B4-BEDF-2C37784B7AA5}.MinSizeRel|Win32.ActiveCfg = MinSizeRel|Win32
		{1FA97D84-F418-32B4-BEDF-2C37784B7AA5}.MinSizeRel|Win32.Build.0 = MinSizeRel|Win32
		{1FA97D84-F418-32B4-BEDF-2C37784B7AA5}.RelWithDebInfo|Win32.ActiveCfg = RelWithDebInfo|Win32
		{1FA97D84-F418-32B4-BEDF-2C37784B7AA5}.RelWithDebInfo|Win32.Build.0 = RelWithDebInfo|Win32
		{C440B4F5-8507-350F-99AC-D4B590755804}.Debug|Win32.ActiveCfg = Debug|Win32
		{C440B4F5-8507-350F-99AC-D4B590755804}.Debug|Win32.Build.0 = Debug|Win32
		{C440B4F5-8507-350F-99AC-D4B590755804}.Release|Win32.ActiveCfg = Release|Win32
		{C440B4F5-8507-350F-99AC-D4B590755804}.Release|Win32.Build.0 = Release|Win32
		{C440B4F5-8507-350F-99AC-D4B590755804}.MinSizeRel|Win32.ActiveCfg = MinSizeRel|Win32
		{C440B4F5-8507-350F-99AC-D4B590755804}.MinSizeRel|Win32.Build.0 = MinSizeRel|Win32
		{C440B4F5-8507-350F-99AC-D4B590755804}.RelWithDebInfo|Win32.ActiveCfg = RelWithDebInfo|Win32
		{C440B4F5-8507-350F-99AC-D4B590755804}.RelWithDebInfo|Win32.Build.0 = RelWithDebInfo|Win32
		{9E68D8ED-20F3-340E-897A-3AB87E0B09B9}.Debug|Win32.ActiveCfg = Debug|Win32
		{9E68D8ED-20F3-340E-897A-3AB87E0B09B9}.Debug|Win32.Build.0 = Debug|Win32
		{9E68D8ED-20F3-340E-897A-3AB87E0B09B9}.Release|Win32.ActiveCfg = Release|Win32
		{9E68D8ED-20F3-340E-897A-3AB87E0B09B9}.Release|Win32.Build.0 = Release|Win32
		{9E68D8ED-20F3-340E-897A-3AB87E0B09B9}.MinSizeRel|Win32.ActiveCfg = MinSizeRel|Win32
		{9E68D8ED-20F3-340E-897A-3AB87E0B09B9}.MinSizeRel|Win32.Build.0 = MinSizeRel|Win32
		{9E68D8ED-20F3-340E-897A-3AB87E0B09B9}.RelWithDebInfo|Win32.ActiveCfg = RelWithDebInfo|Win32
		{9E68D8ED-20F3-340E-897A-3AB87E0B09B9}.RelWithDebInfo|Win32.Build.0 = RelWithDebInfo|Win32
		{B19A3D9D-1B11-3B8A-A34C-0E3DB3D793CF}.Debug|Win32.ActiveCfg = Debug|Win32
		{B19A3D9D-1B11-3B8A-A34C-0E3DB3D793CF}.Debug|Win32.Build.0 = Debug|Win32
		{B19A3D9D-1B11-3B8A-A34C-0E3DB3D793CF}.Release|Win32.ActiveCfg = Release|Win32
		{B19A3D9D-1B11-3B8A-A34C-0E3DB3D793CF}.Release|Win32.Build.0 = Release|Win32
		{B19A3D9D-1B11-3B8A-A34C-0E3DB3D793CF}.MinSizeRel|Win32.ActiveCfg = MinSizeRel|Win32
		{B19A3D9D-1B11-3B8A-A34C-0E3DB3D793CF}.MinSizeRel|Win32.Build.0 = MinSizeRel|Win32
		{B19A3D9D-1B11-3B8A-A34C-0E3DB3D793CF}.RelWithDebInfo|Win32.ActiveCfg = RelWithDebInfo|Win32
		{B19A3D9D-1B11-3B8A-A34C-0E3DB3D793CF}.RelWithDebInfo|Win32.Build.0 = RelWithDebInfo|Win32
		{66A3B82D-3771-3897-8309-D5F86E2361F8}.Debug|Win32.ActiveCfg = Debug|Win32
		{66A3B82D-3771-3897-8309-D5F86E2361F8}.Debug|Win32.Build.0 = Debug|Win32
		{66A3B82D-3771-3897-8309-D5F86E2361F8}.Release|Win32.ActiveCfg = Release|Win32
		{66A3B82D-3771-3897-8309-D5F86E2361F8}.Release|Win32.Build.0 = Release|Win32
		{66A3B82D-3771-3897-8309-D5F86E2361F8}.MinSizeRel|Win32.ActiveCfg = MinSizeRel|Win32
		{66A3B82D-3771-3897-8309-D5F86E2361F8}.MinSizeRel|Win32.Build.0 = MinSizeRel|Win32
		{66A3B82D-3771-3897-8309-D5F86E2361F8}.RelWithDebInfo|Win32.ActiveCfg = RelWithDebInfo|Win32
		{66A3B82D-3771-3897-8309-D5F86E2361F8}.RelWithDebInfo|Win32.Build.0 = RelWithDebInfo|Win32
	EndGlobalSection
	GlobalSection(NestedProjects) = preSolution
		{8229DFA9-9DBA-3069-93AF-B26310B1E94E} = {AA3CA408-0934-3370-A115-95332EA05711}
		{4BA33BAA-5429-3686-8E68-BC011611C9DE} = {AA3CA408-0934-3370-A115-95332EA05711}
		{6D6ADC7F-0CE2-312F-A120-DB5D4CC71981} = {E63C9129-F0C9-3ED4-BA3C-7E4EF2004544}
		{28AB66A6-E32C-3020-9669-2E137D9929D2} = {E63C9129-F0C9-3ED4-BA3C-7E4EF2004544}
		{FA4BFF18-4026-317B-BD2C-FFD1B67C2C4A} = {E63C9129-F0C9-3ED4-BA3C-7E4EF2004544}
		{3477726A-C79B-3CF5-9597-107F4FCB4FD2} = {E63C9129-F0C9-3ED4-BA3C-7E4EF2004544}
		{D57C0AA2-8450-35DB-B4EF-B2A177918469} = {E63C9129-F0C9-3ED4-BA3C-7E4EF2004544}
		{B901E9C9-627A-3178-93C4-97479DE46179} = {E63C9129-F0C9-3ED4-BA3C-7E4EF2004544}
		{1FA97D84-F418-32B4-BEDF-2C37784B7AA5} = {E63C9129-F0C9-3ED4-BA3C-7E4EF2004544}
		{C440B4F5-8507-350F-99AC-D4B590755804} = {E63C9129-F0C9-3ED4-BA3C-7E4EF2004544}
		{9E68D8ED-20F3-340E-897A-3AB87E0B09B9} = {E63C9129-F0C9-3ED4-BA3C-7E4EF2004544}
		{B19A3D9D-1B11-3B8A-A34C-0E3DB3D793CF} = {E63C9129-F0C9-3ED4-BA3C-7E4EF2004544}
		{66A3B82D-3771-3897-8309-D5F86E2361F8} = {E63C9129-F0C9-3ED4-BA3C-7E4EF2004544}
		{FBB787D2-4AAB-341F-93BD-F0778E825BB5} = {6AEEBA2E-B4D2-3DF3-B21F-DFC7034B7E87}
	EndGlobalSection
	GlobalSection(ExtensibilityGlobals) = postSolution
		SolutionGuid = {FB05189E-5208-38BC-9A17-67FF0DAF3D0A}
	EndGlobalSection
	GlobalSection(ExtensibilityAddIns) = postSolution
	EndGlobalSection
EndGlobal
