
Microsoft Visual Studio Solution File, Format Version 12.00
# Visual Studio Version 17
Project("{2150E333-8FDC-42A3-9474-1A3956D46DE8}") = "CMakePredefinedTargets", "CMakePredefinedTargets", "{4113648F-2AC2-388F-80A5-40199B9A2A8F}"
EndProject
Project("{2150E333-8FDC-42A3-9474-1A3956D46DE8}") = "External", "External", "{E3DE47B9-D14B-321F-8C2C-0DBE8E5A139D}"
EndProject
Project("{2150E333-8FDC-42A3-9474-1A3956D46DE8}") = "Internal", "Internal", "{6111203B-9CA6-3DED-B215-2007D89B29E4}"
EndProject
Project("{2150E333-8FDC-42A3-9474-1A3956D46DE8}") = "Utils", "Utils", "{ED2789CA-4015-30A0-9379-ED888A492892}"
EndProject
Project("{8BC9CEB8-8B4A-11D0-8D11-00A0C91BC942}") = "ALL_BUILD", "ALL_BUILD.vcxproj", "{C1DD625F-C305-3FBA-AD7E-0BC57326609A}"
	ProjectSection(ProjectDependencies) = postProject
		{9AE27470-91E6-3AE3-ADF1-FE8952C377ED} = {9AE27470-91E6-3AE3-ADF1-FE8952C377ED}
		{4683B3DB-857A-319B-A4C2-0F24304AA398} = {4683B3DB-857A-319B-A4C2-0F24304AA398}
		{7D11BE4C-2290-30F7-B7D7-02C36B405834} = {7D11BE4C-2290-30F7-B7D7-02C36B405834}
		{02BBF9E7-0AF2-3BFA-BC5C-59C18E6B857B} = {02BBF9E7-0AF2-3BFA-BC5C-59C18E6B857B}
		{12EA5604-799A-3DC7-8148-E6AD9399A0CB} = {12EA5604-799A-3DC7-8148-E6AD9399A0CB}
		{45855B05-BB88-3A99-8DED-92CCDB86F96C} = {45855B05-BB88-3A99-8DED-92CCDB86F96C}
		{A6E184C6-2D84-36F9-A3E0-B9967D978118} = {A6E184C6-2D84-36F9-A3E0-B9967D978118}
		{2A0CC52D-5317-38F1-885A-B9517AF5736E} = {2A0CC52D-5317-38F1-885A-B9517AF5736E}
		{52903695-8D13-3C8E-992F-5CC757A38C7A} = {52903695-8D13-3C8E-992F-5CC757A38C7A}
		{046099AE-FBE0-327F-8F21-02A2BC774C73} = {046099AE-FBE0-327F-8F21-02A2BC774C73}
		{B7367754-FA7B-38D7-B9DE-E1278B3E1A68} = {B7367754-FA7B-38D7-B9DE-E1278B3E1A68}
		{DED1A5C5-B46E-36C6-A81E-BC94F929E349} = {DED1A5C5-B46E-36C6-A81E-BC94F929E349}
		{9578A601-7C9F-3439-AF98-F40063117371} = {9578A601-7C9F-3439-AF98-F40063117371}
		{94D68975-1B4A-3D8F-BDE6-AB99921EA4D0} = {94D68975-1B4A-3D8F-BDE6-AB99921EA4D0}
		{1609EEC7-30AD-3084-9214-98AECE32AAF7} = {1609EEC7-30AD-3084-9214-98AECE32AAF7}
	EndProjectSection
EndProject
Project("{8BC9CEB8-8B4A-11D0-8D11-00A0C91BC942}") = "GoldFishPixowl", "GoldFishPixowl.vcxproj", "{9AE27470-91E6-3AE3-ADF1-FE8952C377ED}"
	ProjectSection(ProjectDependencies) = postProject
		{4683B3DB-857A-319B-A4C2-0F24304AA398} = {4683B3DB-857A-319B-A4C2-0F24304AA398}
		{7D11BE4C-2290-30F7-B7D7-02C36B405834} = {7D11BE4C-2290-30F7-B7D7-02C36B405834}
		{02BBF9E7-0AF2-3BFA-BC5C-59C18E6B857B} = {02BBF9E7-0AF2-3BFA-BC5C-59C18E6B857B}
		{12EA5604-799A-3DC7-8148-E6AD9399A0CB} = {12EA5604-799A-3DC7-8148-E6AD9399A0CB}
		{45855B05-BB88-3A99-8DED-92CCDB86F96C} = {45855B05-BB88-3A99-8DED-92CCDB86F96C}
		{A6E184C6-2D84-36F9-A3E0-B9967D978118} = {A6E184C6-2D84-36F9-A3E0-B9967D978118}
		{2A0CC52D-5317-38F1-885A-B9517AF5736E} = {2A0CC52D-5317-38F1-885A-B9517AF5736E}
		{52903695-8D13-3C8E-992F-5CC757A38C7A} = {52903695-8D13-3C8E-992F-5CC757A38C7A}
		{046099AE-FBE0-327F-8F21-02A2BC774C73} = {046099AE-FBE0-327F-8F21-02A2BC774C73}
		{B7367754-FA7B-38D7-B9DE-E1278B3E1A68} = {B7367754-FA7B-38D7-B9DE-E1278B3E1A68}
		{DED1A5C5-B46E-36C6-A81E-BC94F929E349} = {DED1A5C5-B46E-36C6-A81E-BC94F929E349}
		{9578A601-7C9F-3439-AF98-F40063117371} = {9578A601-7C9F-3439-AF98-F40063117371}
		{94D68975-1B4A-3D8F-BDE6-AB99921EA4D0} = {94D68975-1B4A-3D8F-BDE6-AB99921EA4D0}
		{1609EEC7-30AD-3084-9214-98AECE32AAF7} = {1609EEC7-30AD-3084-9214-98AECE32AAF7}
	EndProjectSection
EndProject
Project("{8BC9CEB8-8B4A-11D0-8D11-00A0C91BC942}") = "SYNC_RESOURCE-GoldFishPixowl", "SYNC_RESOURCE-GoldFishPixowl.vcxproj", "{4683B3DB-857A-319B-A4C2-0F24304AA398}"
	ProjectSection(ProjectDependencies) = postProject
		{7D11BE4C-2290-30F7-B7D7-02C36B405834} = {7D11BE4C-2290-30F7-B7D7-02C36B405834}
	EndProjectSection
EndProject
Project("{8BC9CEB8-8B4A-11D0-8D11-00A0C91BC942}") = "ZERO_CHECK", "ZERO_CHECK.vcxproj", "{7D11BE4C-2290-30F7-B7D7-02C36B405834}"
	ProjectSection(ProjectDependencies) = postProject
	EndProjectSection
EndProject
Project("{8BC9CEB8-8B4A-11D0-8D11-00A0C91BC942}") = "cocos2d", "engine\cocos\core\cocos2d.vcxproj", "{02BBF9E7-0AF2-3BFA-BC5C-59C18E6B857B}"
	ProjectSection(ProjectDependencies) = postProject
		{7D11BE4C-2290-30F7-B7D7-02C36B405834} = {7D11BE4C-2290-30F7-B7D7-02C36B405834}
		{12EA5604-799A-3DC7-8148-E6AD9399A0CB} = {12EA5604-799A-3DC7-8148-E6AD9399A0CB}
		{45855B05-BB88-3A99-8DED-92CCDB86F96C} = {45855B05-BB88-3A99-8DED-92CCDB86F96C}
		{A6E184C6-2D84-36F9-A3E0-B9967D978118} = {A6E184C6-2D84-36F9-A3E0-B9967D978118}
		{2A0CC52D-5317-38F1-885A-B9517AF5736E} = {2A0CC52D-5317-38F1-885A-B9517AF5736E}
		{52903695-8D13-3C8E-992F-5CC757A38C7A} = {52903695-8D13-3C8E-992F-5CC757A38C7A}
		{046099AE-FBE0-327F-8F21-02A2BC774C73} = {046099AE-FBE0-327F-8F21-02A2BC774C73}
		{B7367754-FA7B-38D7-B9DE-E1278B3E1A68} = {B7367754-FA7B-38D7-B9DE-E1278B3E1A68}
		{DED1A5C5-B46E-36C6-A81E-BC94F929E349} = {DED1A5C5-B46E-36C6-A81E-BC94F929E349}
		{9578A601-7C9F-3439-AF98-F40063117371} = {9578A601-7C9F-3439-AF98-F40063117371}
		{94D68975-1B4A-3D8F-BDE6-AB99921EA4D0} = {94D68975-1B4A-3D8F-BDE6-AB99921EA4D0}
		{1609EEC7-30AD-3084-9214-98AECE32AAF7} = {1609EEC7-30AD-3084-9214-98AECE32AAF7}
	EndProjectSection
EndProject
Project("{8BC9CEB8-8B4A-11D0-8D11-00A0C91BC942}") = "ext_clipper", "engine\external\clipper\ext_clipper.vcxproj", "{12EA5604-799A-3DC7-8148-E6AD9399A0CB}"
	ProjectSection(ProjectDependencies) = postProject
		{7D11BE4C-2290-30F7-B7D7-02C36B405834} = {7D11BE4C-2290-30F7-B7D7-02C36B405834}
	EndProjectSection
EndProject
Project("{8BC9CEB8-8B4A-11D0-8D11-00A0C91BC942}") = "ext_convertUTF", "engine\external\ConvertUTF\ext_convertUTF.vcxproj", "{45855B05-BB88-3A99-8DED-92CCDB86F96C}"
	ProjectSection(ProjectDependencies) = postProject
		{7D11BE4C-2290-30F7-B7D7-02C36B405834} = {7D11BE4C-2290-30F7-B7D7-02C36B405834}
	EndProjectSection
EndProject
Project("{8BC9CEB8-8B4A-11D0-8D11-00A0C91BC942}") = "ext_edtaa3func", "engine\external\edtaa3func\ext_edtaa3func.vcxproj", "{A6E184C6-2D84-36F9-A3E0-B9967D978118}"
	ProjectSection(ProjectDependencies) = postProject
		{7D11BE4C-2290-30F7-B7D7-02C36B405834} = {7D11BE4C-2290-30F7-B7D7-02C36B405834}
	EndProjectSection
EndProject
Project("{8BC9CEB8-8B4A-11D0-8D11-00A0C91BC942}") = "ext_md5", "engine\external\md5\ext_md5.vcxproj", "{2A0CC52D-5317-38F1-885A-B9517AF5736E}"
	ProjectSection(ProjectDependencies) = postProject
		{7D11BE4C-2290-30F7-B7D7-02C36B405834} = {7D11BE4C-2290-30F7-B7D7-02C36B405834}
	EndProjectSection
EndProject
Project("{8BC9CEB8-8B4A-11D0-8D11-00A0C91BC942}") = "ext_poly2tri", "engine\external\poly2tri\ext_poly2tri.vcxproj", "{52903695-8D13-3C8E-992F-5CC757A38C7A}"
	ProjectSection(ProjectDependencies) = postProject
		{7D11BE4C-2290-30F7-B7D7-02C36B405834} = {7D11BE4C-2290-30F7-B7D7-02C36B405834}
	EndProjectSection
EndProject
Project("{8BC9CEB8-8B4A-11D0-8D11-00A0C91BC942}") = "ext_recast", "engine\external\recast\ext_recast.vcxproj", "{046099AE-FBE0-327F-8F21-02A2BC774C73}"
	ProjectSection(ProjectDependencies) = postProject
		{7D11BE4C-2290-30F7-B7D7-02C36B405834} = {7D11BE4C-2290-30F7-B7D7-02C36B405834}
	EndProjectSection
EndProject
Project("{8BC9CEB8-8B4A-11D0-8D11-00A0C91BC942}") = "ext_tinyxml2", "engine\external\tinyxml2\ext_tinyxml2.vcxproj", "{B7367754-FA7B-38D7-B9DE-E1278B3E1A68}"
	ProjectSection(ProjectDependencies) = postProject
		{7D11BE4C-2290-30F7-B7D7-02C36B405834} = {7D11BE4C-2290-30F7-B7D7-02C36B405834}
	EndProjectSection
EndProject
Project("{8BC9CEB8-8B4A-11D0-8D11-00A0C91BC942}") = "ext_unzip", "engine\external\unzip\ext_unzip.vcxproj", "{DED1A5C5-B46E-36C6-A81E-BC94F929E349}"
	ProjectSection(ProjectDependencies) = postProject
		{7D11BE4C-2290-30F7-B7D7-02C36B405834} = {7D11BE4C-2290-30F7-B7D7-02C36B405834}
	EndProjectSection
EndProject
Project("{8BC9CEB8-8B4A-11D0-8D11-00A0C91BC942}") = "ext_xxhash", "engine\external\xxhash\ext_xxhash.vcxproj", "{9578A601-7C9F-3439-AF98-F40063117371}"
	ProjectSection(ProjectDependencies) = postProject
		{7D11BE4C-2290-30F7-B7D7-02C36B405834} = {7D11BE4C-2290-30F7-B7D7-02C36B405834}
	EndProjectSection
EndProject
Project("{8BC9CEB8-8B4A-11D0-8D11-00A0C91BC942}") = "ext_xxtea", "engine\external\xxtea\ext_xxtea.vcxproj", "{94D68975-1B4A-3D8F-BDE6-AB99921EA4D0}"
	ProjectSection(ProjectDependencies) = postProject
		{7D11BE4C-2290-30F7-B7D7-02C36B405834} = {7D11BE4C-2290-30F7-B7D7-02C36B405834}
	EndProjectSection
EndProject
Project("{8BC9CEB8-8B4A-11D0-8D11-00A0C91BC942}") = "external", "engine\external\external.vcxproj", "{1609EEC7-30AD-3084-9214-98AECE32AAF7}"
	ProjectSection(ProjectDependencies) = postProject
		{7D11BE4C-2290-30F7-B7D7-02C36B405834} = {7D11BE4C-2290-30F7-B7D7-02C36B405834}
		{12EA5604-799A-3DC7-8148-E6AD9399A0CB} = {12EA5604-799A-3DC7-8148-E6AD9399A0CB}
		{45855B05-BB88-3A99-8DED-92CCDB86F96C} = {45855B05-BB88-3A99-8DED-92CCDB86F96C}
		{A6E184C6-2D84-36F9-A3E0-B9967D978118} = {A6E184C6-2D84-36F9-A3E0-B9967D978118}
		{2A0CC52D-5317-38F1-885A-B9517AF5736E} = {2A0CC52D-5317-38F1-885A-B9517AF5736E}
		{52903695-8D13-3C8E-992F-5CC757A38C7A} = {52903695-8D13-3C8E-992F-5CC757A38C7A}
		{046099AE-FBE0-327F-8F21-02A2BC774C73} = {046099AE-FBE0-327F-8F21-02A2BC774C73}
		{B7367754-FA7B-38D7-B9DE-E1278B3E1A68} = {B7367754-FA7B-38D7-B9DE-E1278B3E1A68}
		{DED1A5C5-B46E-36C6-A81E-BC94F929E349} = {DED1A5C5-B46E-36C6-A81E-BC94F929E349}
		{9578A601-7C9F-3439-AF98-F40063117371} = {9578A601-7C9F-3439-AF98-F40063117371}
		{94D68975-1B4A-3D8F-BDE6-AB99921EA4D0} = {94D68975-1B4A-3D8F-BDE6-AB99921EA4D0}
	EndProjectSection
EndProject
Global
	GlobalSection(SolutionConfigurationPlatforms) = preSolution
		Debug|win32 = Debug|win32
		Release|win32 = Release|win32
		MinSizeRel|win32 = MinSizeRel|win32
		RelWithDebInfo|win32 = RelWithDebInfo|win32
	EndGlobalSection
	GlobalSection(ProjectConfigurationPlatforms) = postSolution
		{C1DD625F-C305-3FBA-AD7E-0BC57326609A}.Debug|win32.ActiveCfg = Debug|win32
		{C1DD625F-C305-3FBA-AD7E-0BC57326609A}.Release|win32.ActiveCfg = Release|win32
		{C1DD625F-C305-3FBA-AD7E-0BC57326609A}.MinSizeRel|win32.ActiveCfg = MinSizeRel|win32
		{C1DD625F-C305-3FBA-AD7E-0BC57326609A}.RelWithDebInfo|win32.ActiveCfg = RelWithDebInfo|win32
		{9AE27470-91E6-3AE3-ADF1-FE8952C377ED}.Debug|win32.ActiveCfg = Debug|win32
		{9AE27470-91E6-3AE3-ADF1-FE8952C377ED}.Debug|win32.Build.0 = Debug|win32
		{9AE27470-91E6-3AE3-ADF1-FE8952C377ED}.Release|win32.ActiveCfg = Release|win32
		{9AE27470-91E6-3AE3-ADF1-FE8952C377ED}.Release|win32.Build.0 = Release|win32
		{9AE27470-91E6-3AE3-ADF1-FE8952C377ED}.MinSizeRel|win32.ActiveCfg = MinSizeRel|win32
		{9AE27470-91E6-3AE3-ADF1-FE8952C377ED}.MinSizeRel|win32.Build.0 = MinSizeRel|win32
		{9AE27470-91E6-3AE3-ADF1-FE8952C377ED}.RelWithDebInfo|win32.ActiveCfg = RelWithDebInfo|win32
		{9AE27470-91E6-3AE3-ADF1-FE8952C377ED}.RelWithDebInfo|win32.Build.0 = RelWithDebInfo|win32
		{4683B3DB-857A-319B-A4C2-0F24304AA398}.Debug|win32.ActiveCfg = Debug|win32
		{4683B3DB-857A-319B-A4C2-0F24304AA398}.Debug|win32.Build.0 = Debug|win32
		{4683B3DB-857A-319B-A4C2-0F24304AA398}.Release|win32.ActiveCfg = Release|win32
		{4683B3DB-857A-319B-A4C2-0F24304AA398}.Release|win32.Build.0 = Release|win32
		{4683B3DB-857A-319B-A4C2-0F24304AA398}.MinSizeRel|win32.ActiveCfg = MinSizeRel|win32
		{4683B3DB-857A-319B-A4C2-0F24304AA398}.MinSizeRel|win32.Build.0 = MinSizeRel|win32
		{4683B3DB-857A-319B-A4C2-0F24304AA398}.RelWithDebInfo|win32.ActiveCfg = RelWithDebInfo|win32
		{4683B3DB-857A-319B-A4C2-0F24304AA398}.RelWithDebInfo|win32.Build.0 = RelWithDebInfo|win32
		{7D11BE4C-2290-30F7-B7D7-02C36B405834}.Debug|win32.ActiveCfg = Debug|win32
		{7D11BE4C-2290-30F7-B7D7-02C36B405834}.Debug|win32.Build.0 = Debug|win32
		{7D11BE4C-2290-30F7-B7D7-02C36B405834}.Release|win32.ActiveCfg = Release|win32
		{7D11BE4C-2290-30F7-B7D7-02C36B405834}.Release|win32.Build.0 = Release|win32
		{7D11BE4C-2290-30F7-B7D7-02C36B405834}.MinSizeRel|win32.ActiveCfg = MinSizeRel|win32
		{7D11BE4C-2290-30F7-B7D7-02C36B405834}.MinSizeRel|win32.Build.0 = MinSizeRel|win32
		{7D11BE4C-2290-30F7-B7D7-02C36B405834}.RelWithDebInfo|win32.ActiveCfg = RelWithDebInfo|win32
		{7D11BE4C-2290-30F7-B7D7-02C36B405834}.RelWithDebInfo|win32.Build.0 = RelWithDebInfo|win32
		{02BBF9E7-0AF2-3BFA-BC5C-59C18E6B857B}.Debug|win32.ActiveCfg = Debug|win32
		{02BBF9E7-0AF2-3BFA-BC5C-59C18E6B857B}.Debug|win32.Build.0 = Debug|win32
		{02BBF9E7-0AF2-3BFA-BC5C-59C18E6B857B}.Release|win32.ActiveCfg = Release|win32
		{02BBF9E7-0AF2-3BFA-BC5C-59C18E6B857B}.Release|win32.Build.0 = Release|win32
		{02BBF9E7-0AF2-3BFA-BC5C-59C18E6B857B}.MinSizeRel|win32.ActiveCfg = MinSizeRel|win32
		{02BBF9E7-0AF2-3BFA-BC5C-59C18E6B857B}.MinSizeRel|win32.Build.0 = MinSizeRel|win32
		{02BBF9E7-0AF2-3BFA-BC5C-59C18E6B857B}.RelWithDebInfo|win32.ActiveCfg = RelWithDebInfo|win32
		{02BBF9E7-0AF2-3BFA-BC5C-59C18E6B857B}.RelWithDebInfo|win32.Build.0 = RelWithDebInfo|win32
		{12EA5604-799A-3DC7-8148-E6AD9399A0CB}.Debug|win32.ActiveCfg = Debug|win32
		{12EA5604-799A-3DC7-8148-E6AD9399A0CB}.Debug|win32.Build.0 = Debug|win32
		{12EA5604-799A-3DC7-8148-E6AD9399A0CB}.Release|win32.ActiveCfg = Release|win32
		{12EA5604-799A-3DC7-8148-E6AD9399A0CB}.Release|win32.Build.0 = Release|win32
		{12EA5604-799A-3DC7-8148-E6AD9399A0CB}.MinSizeRel|win32.ActiveCfg = MinSizeRel|win32
		{12EA5604-799A-3DC7-8148-E6AD9399A0CB}.MinSizeRel|win32.Build.0 = MinSizeRel|win32
		{12EA5604-799A-3DC7-8148-E6AD9399A0CB}.RelWithDebInfo|win32.ActiveCfg = RelWithDebInfo|win32
		{12EA5604-799A-3DC7-8148-E6AD9399A0CB}.RelWithDebInfo|win32.Build.0 = RelWithDebInfo|win32
		{45855B05-BB88-3A99-8DED-92CCDB86F96C}.Debug|win32.ActiveCfg = Debug|win32
		{45855B05-BB88-3A99-8DED-92CCDB86F96C}.Debug|win32.Build.0 = Debug|win32
		{45855B05-BB88-3A99-8DED-92CCDB86F96C}.Release|win32.ActiveCfg = Release|win32
		{45855B05-BB88-3A99-8DED-92CCDB86F96C}.Release|win32.Build.0 = Release|win32
		{45855B05-BB88-3A99-8DED-92CCDB86F96C}.MinSizeRel|win32.ActiveCfg = MinSizeRel|win32
		{45855B05-BB88-3A99-8DED-92CCDB86F96C}.MinSizeRel|win32.Build.0 = MinSizeRel|win32
		{45855B05-BB88-3A99-8DED-92CCDB86F96C}.RelWithDebInfo|win32.ActiveCfg = RelWithDebInfo|win32
		{45855B05-BB88-3A99-8DED-92CCDB86F96C}.RelWithDebInfo|win32.Build.0 = RelWithDebInfo|win32
		{A6E184C6-2D84-36F9-A3E0-B9967D978118}.Debug|win32.ActiveCfg = Debug|win32
		{A6E184C6-2D84-36F9-A3E0-B9967D978118}.Debug|win32.Build.0 = Debug|win32
		{A6E184C6-2D84-36F9-A3E0-B9967D978118}.Release|win32.ActiveCfg = Release|win32
		{A6E184C6-2D84-36F9-A3E0-B9967D978118}.Release|win32.Build.0 = Release|win32
		{A6E184C6-2D84-36F9-A3E0-B9967D978118}.MinSizeRel|win32.ActiveCfg = MinSizeRel|win32
		{A6E184C6-2D84-36F9-A3E0-B9967D978118}.MinSizeRel|win32.Build.0 = MinSizeRel|win32
		{A6E184C6-2D84-36F9-A3E0-B9967D978118}.RelWithDebInfo|win32.ActiveCfg = RelWithDebInfo|win32
		{A6E184C6-2D84-36F9-A3E0-B9967D978118}.RelWithDebInfo|win32.Build.0 = RelWithDebInfo|win32
		{2A0CC52D-5317-38F1-885A-B9517AF5736E}.Debug|win32.ActiveCfg = Debug|win32
		{2A0CC52D-5317-38F1-885A-B9517AF5736E}.Debug|win32.Build.0 = Debug|win32
		{2A0CC52D-5317-38F1-885A-B9517AF5736E}.Release|win32.ActiveCfg = Release|win32
		{2A0CC52D-5317-38F1-885A-B9517AF5736E}.Release|win32.Build.0 = Release|win32
		{2A0CC52D-5317-38F1-885A-B9517AF5736E}.MinSizeRel|win32.ActiveCfg = MinSizeRel|win32
		{2A0CC52D-5317-38F1-885A-B9517AF5736E}.MinSizeRel|win32.Build.0 = MinSizeRel|win32
		{2A0CC52D-5317-38F1-885A-B9517AF5736E}.RelWithDebInfo|win32.ActiveCfg = RelWithDebInfo|win32
		{2A0CC52D-5317-38F1-885A-B9517AF5736E}.RelWithDebInfo|win32.Build.0 = RelWithDebInfo|win32
		{52903695-8D13-3C8E-992F-5CC757A38C7A}.Debug|win32.ActiveCfg = Debug|win32
		{52903695-8D13-3C8E-992F-5CC757A38C7A}.Debug|win32.Build.0 = Debug|win32
		{52903695-8D13-3C8E-992F-5CC757A38C7A}.Release|win32.ActiveCfg = Release|win32
		{52903695-8D13-3C8E-992F-5CC757A38C7A}.Release|win32.Build.0 = Release|win32
		{52903695-8D13-3C8E-992F-5CC757A38C7A}.MinSizeRel|win32.ActiveCfg = MinSizeRel|win32
		{52903695-8D13-3C8E-992F-5CC757A38C7A}.MinSizeRel|win32.Build.0 = MinSizeRel|win32
		{52903695-8D13-3C8E-992F-5CC757A38C7A}.RelWithDebInfo|win32.ActiveCfg = RelWithDebInfo|win32
		{52903695-8D13-3C8E-992F-5CC757A38C7A}.RelWithDebInfo|win32.Build.0 = RelWithDebInfo|win32
		{046099AE-FBE0-327F-8F21-02A2BC774C73}.Debug|win32.ActiveCfg = Debug|win32
		{046099AE-FBE0-327F-8F21-02A2BC774C73}.Debug|win32.Build.0 = Debug|win32
		{046099AE-FBE0-327F-8F21-02A2BC774C73}.Release|win32.ActiveCfg = Release|win32
		{046099AE-FBE0-327F-8F21-02A2BC774C73}.Release|win32.Build.0 = Release|win32
		{046099AE-FBE0-327F-8F21-02A2BC774C73}.MinSizeRel|win32.ActiveCfg = MinSizeRel|win32
		{046099AE-FBE0-327F-8F21-02A2BC774C73}.MinSizeRel|win32.Build.0 = MinSizeRel|win32
		{046099AE-FBE0-327F-8F21-02A2BC774C73}.RelWithDebInfo|win32.ActiveCfg = RelWithDebInfo|win32
		{046099AE-FBE0-327F-8F21-02A2BC774C73}.RelWithDebInfo|win32.Build.0 = RelWithDebInfo|win32
		{B7367754-FA7B-38D7-B9DE-E1278B3E1A68}.Debug|win32.ActiveCfg = Debug|win32
		{B7367754-FA7B-38D7-B9DE-E1278B3E1A68}.Debug|win32.Build.0 = Debug|win32
		{B7367754-FA7B-38D7-B9DE-E1278B3E1A68}.Release|win32.ActiveCfg = Release|win32
		{B7367754-FA7B-38D7-B9DE-E1278B3E1A68}.Release|win32.Build.0 = Release|win32
		{B7367754-FA7B-38D7-B9DE-E1278B3E1A68}.MinSizeRel|win32.ActiveCfg = MinSizeRel|win32
		{B7367754-FA7B-38D7-B9DE-E1278B3E1A68}.MinSizeRel|win32.Build.0 = MinSizeRel|win32
		{B7367754-FA7B-38D7-B9DE-E1278B3E1A68}.RelWithDebInfo|win32.ActiveCfg = RelWithDebInfo|win32
		{B7367754-FA7B-38D7-B9DE-E1278B3E1A68}.RelWithDebInfo|win32.Build.0 = RelWithDebInfo|win32
		{DED1A5C5-B46E-36C6-A81E-BC94F929E349}.Debug|win32.ActiveCfg = Debug|win32
		{DED1A5C5-B46E-36C6-A81E-BC94F929E349}.Debug|win32.Build.0 = Debug|win32
		{DED1A5C5-B46E-36C6-A81E-BC94F929E349}.Release|win32.ActiveCfg = Release|win32
		{DED1A5C5-B46E-36C6-A81E-BC94F929E349}.Release|win32.Build.0 = Release|win32
		{DED1A5C5-B46E-36C6-A81E-BC94F929E349}.MinSizeRel|win32.ActiveCfg = MinSizeRel|win32
		{DED1A5C5-B46E-36C6-A81E-BC94F929E349}.MinSizeRel|win32.Build.0 = MinSizeRel|win32
		{DED1A5C5-B46E-36C6-A81E-BC94F929E349}.RelWithDebInfo|win32.ActiveCfg = RelWithDebInfo|win32
		{DED1A5C5-B46E-36C6-A81E-BC94F929E349}.RelWithDebInfo|win32.Build.0 = RelWithDebInfo|win32
		{9578A601-7C9F-3439-AF98-F40063117371}.Debug|win32.ActiveCfg = Debug|win32
		{9578A601-7C9F-3439-AF98-F40063117371}.Debug|win32.Build.0 = Debug|win32
		{9578A601-7C9F-3439-AF98-F40063117371}.Release|win32.ActiveCfg = Release|win32
		{9578A601-7C9F-3439-AF98-F40063117371}.Release|win32.Build.0 = Release|win32
		{9578A601-7C9F-3439-AF98-F40063117371}.MinSizeRel|win32.ActiveCfg = MinSizeRel|win32
		{9578A601-7C9F-3439-AF98-F40063117371}.MinSizeRel|win32.Build.0 = MinSizeRel|win32
		{9578A601-7C9F-3439-AF98-F40063117371}.RelWithDebInfo|win32.ActiveCfg = RelWithDebInfo|win32
		{9578A601-7C9F-3439-AF98-F40063117371}.RelWithDebInfo|win32.Build.0 = RelWithDebInfo|win32
		{94D68975-1B4A-3D8F-BDE6-AB99921EA4D0}.Debug|win32.ActiveCfg = Debug|win32
		{94D68975-1B4A-3D8F-BDE6-AB99921EA4D0}.Debug|win32.Build.0 = Debug|win32
		{94D68975-1B4A-3D8F-BDE6-AB99921EA4D0}.Release|win32.ActiveCfg = Release|win32
		{94D68975-1B4A-3D8F-BDE6-AB99921EA4D0}.Release|win32.Build.0 = Release|win32
		{94D68975-1B4A-3D8F-BDE6-AB99921EA4D0}.MinSizeRel|win32.ActiveCfg = MinSizeRel|win32
		{94D68975-1B4A-3D8F-BDE6-AB99921EA4D0}.MinSizeRel|win32.Build.0 = MinSizeRel|win32
		{94D68975-1B4A-3D8F-BDE6-AB99921EA4D0}.RelWithDebInfo|win32.ActiveCfg = RelWithDebInfo|win32
		{94D68975-1B4A-3D8F-BDE6-AB99921EA4D0}.RelWithDebInfo|win32.Build.0 = RelWithDebInfo|win32
		{1609EEC7-30AD-3084-9214-98AECE32AAF7}.Debug|win32.ActiveCfg = Debug|win32
		{1609EEC7-30AD-3084-9214-98AECE32AAF7}.Debug|win32.Build.0 = Debug|win32
		{1609EEC7-30AD-3084-9214-98AECE32AAF7}.Release|win32.ActiveCfg = Release|win32
		{1609EEC7-30AD-3084-9214-98AECE32AAF7}.Release|win32.Build.0 = Release|win32
		{1609EEC7-30AD-3084-9214-98AECE32AAF7}.MinSizeRel|win32.ActiveCfg = MinSizeRel|win32
		{1609EEC7-30AD-3084-9214-98AECE32AAF7}.MinSizeRel|win32.Build.0 = MinSizeRel|win32
		{1609EEC7-30AD-3084-9214-98AECE32AAF7}.RelWithDebInfo|win32.ActiveCfg = RelWithDebInfo|win32
		{1609EEC7-30AD-3084-9214-98AECE32AAF7}.RelWithDebInfo|win32.Build.0 = RelWithDebInfo|win32
	EndGlobalSection
	GlobalSection(NestedProjects) = preSolution
		{C1DD625F-C305-3FBA-AD7E-0BC57326609A} = {4113648F-2AC2-388F-80A5-40199B9A2A8F}
		{7D11BE4C-2290-30F7-B7D7-02C36B405834} = {4113648F-2AC2-388F-80A5-40199B9A2A8F}
		{12EA5604-799A-3DC7-8148-E6AD9399A0CB} = {E3DE47B9-D14B-321F-8C2C-0DBE8E5A139D}
		{45855B05-BB88-3A99-8DED-92CCDB86F96C} = {E3DE47B9-D14B-321F-8C2C-0DBE8E5A139D}
		{A6E184C6-2D84-36F9-A3E0-B9967D978118} = {E3DE47B9-D14B-321F-8C2C-0DBE8E5A139D}
		{2A0CC52D-5317-38F1-885A-B9517AF5736E} = {E3DE47B9-D14B-321F-8C2C-0DBE8E5A139D}
		{52903695-8D13-3C8E-992F-5CC757A38C7A} = {E3DE47B9-D14B-321F-8C2C-0DBE8E5A139D}
		{046099AE-FBE0-327F-8F21-02A2BC774C73} = {E3DE47B9-D14B-321F-8C2C-0DBE8E5A139D}
		{B7367754-FA7B-38D7-B9DE-E1278B3E1A68} = {E3DE47B9-D14B-321F-8C2C-0DBE8E5A139D}
		{DED1A5C5-B46E-36C6-A81E-BC94F929E349} = {E3DE47B9-D14B-321F-8C2C-0DBE8E5A139D}
		{9578A601-7C9F-3439-AF98-F40063117371} = {E3DE47B9-D14B-321F-8C2C-0DBE8E5A139D}
		{94D68975-1B4A-3D8F-BDE6-AB99921EA4D0} = {E3DE47B9-D14B-321F-8C2C-0DBE8E5A139D}
		{1609EEC7-30AD-3084-9214-98AECE32AAF7} = {E3DE47B9-D14B-321F-8C2C-0DBE8E5A139D}
		{02BBF9E7-0AF2-3BFA-BC5C-59C18E6B857B} = {6111203B-9CA6-3DED-B215-2007D89B29E4}
		{4683B3DB-857A-319B-A4C2-0F24304AA398} = {ED2789CA-4015-30A0-9379-ED888A492892}
	EndGlobalSection
	GlobalSection(ExtensibilityGlobals) = postSolution
		SolutionGuid = {CF8BA618-C082-3D1E-83F4-1E54BEE91424}
	EndGlobalSection
	GlobalSection(ExtensibilityAddIns) = postSolution
	EndGlobalSection
EndGlobal
