<?xml version="1.0" encoding="utf-8"?>
<Project ToolsVersion="17.0" xmlns="http://schemas.microsoft.com/developer/msbuild/2003">
  <ItemGroup>
    <ClCompile Include="E:\Documentos\UniytProjects\PixowlChallengeCPlusPlus\GoldFishPixowl\Classes\AppDelegate.cpp">
      <Filter>Source Files\Classes</Filter>
    </ClCompile>
    <ClCompile Include="E:\Documentos\UniytProjects\PixowlChallengeCPlusPlus\GoldFishPixowl\Classes\HelloWorldScene.cpp">
      <Filter>Source Files\Classes</Filter>
    </ClCompile>
    <ClCompile Include="E:\Documentos\UniytProjects\PixowlChallengeCPlusPlus\GoldFishPixowl\proj.win32\main.cpp">
      <Filter>Source Files\proj.win32</Filter>
    </ClCompile>
    <ClCompile Include="E:\Documentos\UniytProjects\PixowlChallengeCPlusPlus\GoldFishPixowl\cocos2d\cocos\precheader.cpp">
      <Filter>Source Files</Filter>
    </ClCompile>
    <ClCompile Include="Classes\BadFish.cpp">
      <Filter>Source Files\Classes</Filter>
    </ClCompile>
    <ClCompile Include="Classes\Bubble.cpp">
      <Filter>Source Files\Classes</Filter>
    </ClCompile>
    <ClCompile Include="Classes\GameOverScene.cpp">
      <Filter>Source Files\Classes</Filter>
    </ClCompile>
    <ClCompile Include="Classes\GameScene.cpp">
      <Filter>Source Files\Classes</Filter>
    </ClCompile>
    <ClCompile Include="Classes\GoldFish.cpp">
      <Filter>Source Files\Classes</Filter>
    </ClCompile>
    <ClCompile Include="Classes\MainMenuScene.cpp">
      <Filter>Source Files\Classes</Filter>
    </ClCompile>
  </ItemGroup>
  <ItemGroup>
    <ClInclude Include="E:\Documentos\UniytProjects\PixowlChallengeCPlusPlus\GoldFishPixowl\Classes\AppDelegate.h">
      <Filter>Source Files\Classes</Filter>
    </ClInclude>
    <ClInclude Include="E:\Documentos\UniytProjects\PixowlChallengeCPlusPlus\GoldFishPixowl\Classes\HelloWorldScene.h">
      <Filter>Source Files\Classes</Filter>
    </ClInclude>
    <ClInclude Include="E:\Documentos\UniytProjects\PixowlChallengeCPlusPlus\GoldFishPixowl\proj.win32\main.h">
      <Filter>Source Files\proj.win32</Filter>
    </ClInclude>
    <ClInclude Include="E:\Documentos\UniytProjects\PixowlChallengeCPlusPlus\GoldFishPixowl\proj.win32\resource.h">
      <Filter>Source Files\proj.win32</Filter>
    </ClInclude>
    <ClInclude Include="E:\Documentos\UniytProjects\PixowlChallengeCPlusPlus\GoldFishPixowl\Resources\CloseNormal.png">
      <Filter>Resources</Filter>
    </ClInclude>
    <ClInclude Include="E:\Documentos\UniytProjects\PixowlChallengeCPlusPlus\GoldFishPixowl\Resources\CloseSelected.png">
      <Filter>Resources</Filter>
    </ClInclude>
    <ClInclude Include="E:\Documentos\UniytProjects\PixowlChallengeCPlusPlus\GoldFishPixowl\Resources\HelloWorld.png">
      <Filter>Resources</Filter>
    </ClInclude>
    <ClInclude Include="E:\Documentos\UniytProjects\PixowlChallengeCPlusPlus\GoldFishPixowl\Resources\fonts\Marker Felt.ttf">
      <Filter>Resources\fonts</Filter>
    </ClInclude>
    <ClInclude Include="E:\Documentos\UniytProjects\PixowlChallengeCPlusPlus\GoldFishPixowl\Resources\fonts\arial.ttf">
      <Filter>Resources\fonts</Filter>
    </ClInclude>
    <ClInclude Include="E:\Documentos\UniytProjects\PixowlChallengeCPlusPlus\GoldFishPixowl\Resources\res\.gitkeep">
      <Filter>Resources\res</Filter>
    </ClInclude>
    <ClInclude Include="Classes\BadFish.h">
      <Filter>Source Files\Classes</Filter>
    </ClInclude>
    <ClInclude Include="Classes\Bubble.h">
      <Filter>Source Files\Classes</Filter>
    </ClInclude>
    <ClInclude Include="Classes\Definitions.h">
      <Filter>Source Files\Classes</Filter>
    </ClInclude>
    <ClInclude Include="Classes\GameOverScene.h">
      <Filter>Source Files\Classes</Filter>
    </ClInclude>
    <ClInclude Include="Classes\GameScene.h">
      <Filter>Source Files\Classes</Filter>
    </ClInclude>
    <ClInclude Include="Classes\GoldFish.h">
      <Filter>Source Files\Classes</Filter>
    </ClInclude>
    <ClInclude Include="Classes\MainMenuScene.h">
      <Filter>Source Files\Classes</Filter>
    </ClInclude>
  </ItemGroup>
  <ItemGroup>
    <CustomBuild Include="E:\Documentos\UniytProjects\PixowlChallengeCPlusPlus\GoldFishPixowl\CMakeLists.txt" />
  </ItemGroup>
  <ItemGroup>
    <ResourceCompile Include="E:\Documentos\UniytProjects\PixowlChallengeCPlusPlus\GoldFishPixowl\proj.win32\game.rc">
      <Filter>Source Files\proj.win32</Filter>
    </ResourceCompile>
  </ItemGroup>
  <ItemGroup>
    <Filter Include="Resources">
      <UniqueIdentifier>{174A7ABC-AC96-3A47-9CFF-8664B2DE7251}</UniqueIdentifier>
    </Filter>
    <Filter Include="Resources\fonts">
      <UniqueIdentifier>{D7FD9210-5F51-361A-B477-73AF4AA68767}</UniqueIdentifier>
    </Filter>
    <Filter Include="Resources\res">
      <UniqueIdentifier>{BA5DC661-3538-32B5-94F2-9CBB52589AA3}</UniqueIdentifier>
    </Filter>
    <Filter Include="Source Files">
      <UniqueIdentifier>{708CA739-A16A-36A5-B2AA-8365E27BA4E4}</UniqueIdentifier>
    </Filter>
    <Filter Include="Source Files\Classes">
      <UniqueIdentifier>{EB99DBF3-D63B-31B4-9BBE-E5F1CCFD87B7}</UniqueIdentifier>
    </Filter>
    <Filter Include="Source Files\proj.win32">
      <UniqueIdentifier>{D653BE95-BBCB-344D-90CD-E00D64C270B3}</UniqueIdentifier>
    </Filter>
  </ItemGroup>
</Project>